
Microsoft Visual Studio Solution File, Format Version 12.00
# Visual Studio Version 17
VisualStudioVersion = 17.0.31903.59
MinimumVisualStudioVersion = 10.0.40219.1
Project("{9A19103F-16F7-4668-BE54-9A1E7A4F7556}") = "IdentityApi", "IdentityApi\IdentityApi.csproj", "{4A9318D4-FCEC-48B9-971F-5FBA7A097ECC}"
EndProject
Project("{FAE04EC0-301F-11D3-BF4B-00C04F79EFBC}") = "Contracts", "Contracts\Contracts.csproj", "{260F6958-47A2-4042-9097-02ADF776A2EE}"
EndProject
Project("{FAE04EC0-301F-11D3-BF4B-00C04F79EFBC}") = "Core", "Core\Core.csproj", "{765004A6-7C90-4B3D-8198-4740DD4BF0D4}"
EndProject
Project("{FAE04EC0-301F-11D3-BF4B-00C04F79EFBC}") = "Infrastructure", "Infrastructure\Infrastructure.csproj", "{ED057844-8B20-49DE-A0A9-06732DD71955}"
EndProject
Global
	GlobalSection(SolutionConfigurationPlatforms) = preSolution
		Debug|Any CPU = Debug|Any CPU
		Release|Any CPU = Release|Any CPU
	EndGlobalSection
	GlobalSection(ProjectConfigurationPlatforms) = postSolution
		{4A9318D4-FCEC-48B9-971F-5FBA7A097ECC}.Debug|Any CPU.ActiveCfg = Debug|Any CPU
		{4A9318D4-FCEC-48B9-971F-5FBA7A097ECC}.Debug|Any CPU.Build.0 = Debug|Any CPU
		{4A9318D4-FCEC-48B9-971F-5FBA7A097ECC}.Release|Any CPU.ActiveCfg = Release|Any CPU
		{4A9318D4-FCEC-48B9-971F-5FBA7A097ECC}.Release|Any CPU.Build.0 = Release|Any CPU
		{260F6958-47A2-4042-9097-02ADF776A2EE}.Debug|Any CPU.ActiveCfg = Debug|Any CPU
		{260F6958-47A2-4042-9097-02ADF776A2EE}.Debug|Any CPU.Build.0 = Debug|Any CPU
		{260F6958-47A2-4042-9097-02ADF776A2EE}.Release|Any CPU.ActiveCfg = Release|Any CPU
		{260F6958-47A2-4042-9097-02ADF776A2EE}.Release|Any CPU.Build.0 = Release|Any CPU
		{765004A6-7C90-4B3D-8198-4740DD4BF0D4}.Debug|Any CPU.ActiveCfg = Debug|Any CPU
		{765004A6-7C90-4B3D-8198-4740DD4BF0D4}.Debug|Any CPU.Build.0 = Debug|Any CPU
		{765004A6-7C90-4B3D-8198-4740DD4BF0D4}.Release|Any CPU.ActiveCfg = Release|Any CPU
		{765004A6-7C90-4B3D-8198-4740DD4BF0D4}.Release|Any CPU.Build.0 = Release|Any CPU
		{ED057844-8B20-49DE-A0A9-06732DD71955}.Debug|Any CPU.ActiveCfg = Debug|Any CPU
		{ED057844-8B20-49DE-A0A9-06732DD71955}.Debug|Any CPU.Build.0 = Debug|Any CPU
		{ED057844-8B20-49DE-A0A9-06732DD71955}.Release|Any CPU.ActiveCfg = Release|Any CPU
		{ED057844-8B20-49DE-A0A9-06732DD71955}.Release|Any CPU.Build.0 = Release|Any CPU
	EndGlobalSection
	GlobalSection(SolutionProperties) = preSolution
		HideSolutionNode = FALSE
	EndGlobalSection
	GlobalSection(ExtensibilityGlobals) = postSolution
		SolutionGuid = {D7C90B14-77C3-4945-B6BA-A2401D930BFA}
	EndGlobalSection
EndGlobal
